// !$*UTF8*$!
{
	archiveVersion = 1;
	classes = {
	};
	objectVersion = 46;
	objects = {

/* Begin PBXBuildFile section */
		6864D8691E43FADD00408267 /* Taco.swift in Sources */ = {isa = PBXBuildFile; fileRef = 6864D8681E43FADD00408267 /* Taco.swift */; };
		68B4DA1A1E48FC3400ACAB82 /* DataService.swift in Sources */ = {isa = PBXBuildFile; fileRef = 68B4DA191E48FC3400ACAB82 /* DataService.swift */; };
		68B4DA1D1E4902E200ACAB82 /* TacoCell.swift in Sources */ = {isa = PBXBuildFile; fileRef = 68B4DA1B1E4902E200ACAB82 /* TacoCell.swift */; };
		68B4DA1E1E4902E200ACAB82 /* TacoCell.xib in Resources */ = {isa = PBXBuildFile; fileRef = 68B4DA1C1E4902E200ACAB82 /* TacoCell.xib */; };
		68B4DA201E4A754000ACAB82 /* ReusableView.swift in Sources */ = {isa = PBXBuildFile; fileRef = 68B4DA1F1E4A754000ACAB82 /* ReusableView.swift */; };
		68B4DA221E4A75F500ACAB82 /* NibLoadableView.swift in Sources */ = {isa = PBXBuildFile; fileRef = 68B4DA211E4A75F500ACAB82 /* NibLoadableView.swift */; };
		68B4DA241E4A76FD00ACAB82 /* UICollectionView+Ext.swift in Sources */ = {isa = PBXBuildFile; fileRef = 68B4DA231E4A76FD00ACAB82 /* UICollectionView+Ext.swift */; };
		68B4DA261E4AAD0E00ACAB82 /* MutableCollection+Ext.swift in Sources */ = {isa = PBXBuildFile; fileRef = 68B4DA251E4AAD0E00ACAB82 /* MutableCollection+Ext.swift */; };
		68B4DA281E4AAEA000ACAB82 /* Shakeable.swift in Sources */ = {isa = PBXBuildFile; fileRef = 68B4DA271E4AAEA000ACAB82 /* Shakeable.swift */; };
		68F171991E416E6D008D2E50 /* AppDelegate.swift in Sources */ = {isa = PBXBuildFile; fileRef = 68F171981E416E6D008D2E50 /* AppDelegate.swift */; };
		68F1719E1E416E6D008D2E50 /* Main.storyboard in Resources */ = {isa = PBXBuildFile; fileRef = 68F1719C1E416E6D008D2E50 /* Main.storyboard */; };
		68F171A01E416E6D008D2E50 /* Assets.xcassets in Resources */ = {isa = PBXBuildFile; fileRef = 68F1719F1E416E6D008D2E50 /* Assets.xcassets */; };
		68F171A31E416E6D008D2E50 /* LaunchScreen.storyboard in Resources */ = {isa = PBXBuildFile; fileRef = 68F171A11E416E6D008D2E50 /* LaunchScreen.storyboard */; };
		68F171AE1E416E6D008D2E50 /* TacoPOPTests.swift in Sources */ = {isa = PBXBuildFile; fileRef = 68F171AD1E416E6D008D2E50 /* TacoPOPTests.swift */; };
		68F171BF1E416F5F008D2E50 /* MainVC.swift in Sources */ = {isa = PBXBuildFile; fileRef = 68F171BE1E416F5F008D2E50 /* MainVC.swift */; };
		68F171C11E417307008D2E50 /* DropShadow.swift in Sources */ = {isa = PBXBuildFile; fileRef = 68F171C01E417307008D2E50 /* DropShadow.swift */; };
		68F171C31E43F77D008D2E50 /* HeaderView.swift in Sources */ = {isa = PBXBuildFile; fileRef = 68F171C21E43F77D008D2E50 /* HeaderView.swift */; };
/* End PBXBuildFile section */

/* Begin PBXContainerItemProxy section */
		68F171AA1E416E6D008D2E50 /* PBXContainerItemProxy */ = {
			isa = PBXContainerItemProxy;
			containerPortal = 68F1718D1E416E6D008D2E50 /* Project object */;
			proxyType = 1;
			remoteGlobalIDString = 68F171941E416E6D008D2E50;
			remoteInfo = TacoPOP;
		};
/* End PBXContainerItemProxy section */

/* Begin PBXFileReference section */
		6864D8681E43FADD00408267 /* Taco.swift */ = {isa = PBXFileReference; fileEncoding = 4; lastKnownFileType = sourcecode.swift; path = Taco.swift; sourceTree = "<group>"; };
		68B4DA191E48FC3400ACAB82 /* DataService.swift */ = {isa = PBXFileReference; fileEncoding = 4; lastKnownFileType = sourcecode.swift; path = DataService.swift; sourceTree = "<group>"; };
		68B4DA1B1E4902E200ACAB82 /* TacoCell.swift */ = {isa = PBXFileReference; fileEncoding = 4; lastKnownFileType = sourcecode.swift; path = TacoCell.swift; sourceTree = "<group>"; };
		68B4DA1C1E4902E200ACAB82 /* TacoCell.xib */ = {isa = PBXFileReference; fileEncoding = 4; lastKnownFileType = file.xib; path = TacoCell.xib; sourceTree = "<group>"; };
		68B4DA1F1E4A754000ACAB82 /* ReusableView.swift */ = {isa = PBXFileReference; fileEncoding = 4; lastKnownFileType = sourcecode.swift; path = ReusableView.swift; sourceTree = "<group>"; };
		68B4DA211E4A75F500ACAB82 /* NibLoadableView.swift */ = {isa = PBXFileReference; fileEncoding = 4; lastKnownFileType = sourcecode.swift; path = NibLoadableView.swift; sourceTree = "<group>"; };
		68B4DA231E4A76FD00ACAB82 /* UICollectionView+Ext.swift */ = {isa = PBXFileReference; fileEncoding = 4; lastKnownFileType = sourcecode.swift; path = "UICollectionView+Ext.swift"; sourceTree = "<group>"; };
		68B4DA251E4AAD0E00ACAB82 /* MutableCollection+Ext.swift */ = {isa = PBXFileReference; fileEncoding = 4; lastKnownFileType = sourcecode.swift; path = "MutableCollection+Ext.swift"; sourceTree = "<group>"; };
		68B4DA271E4AAEA000ACAB82 /* Shakeable.swift */ = {isa = PBXFileReference; fileEncoding = 4; lastKnownFileType = sourcecode.swift; path = Shakeable.swift; sourceTree = "<group>"; };
		68F171951E416E6D008D2E50 /* TacoPOP.app */ = {isa = PBXFileReference; explicitFileType = wrapper.application; includeInIndex = 0; path = TacoPOP.app; sourceTree = BUILT_PRODUCTS_DIR; };
		68F171981E416E6D008D2E50 /* AppDelegate.swift */ = {isa = PBXFileReference; lastKnownFileType = sourcecode.swift; path = AppDelegate.swift; sourceTree = "<group>"; };
		68F1719D1E416E6D008D2E50 /* Base */ = {isa = PBXFileReference; lastKnownFileType = file.storyboard; name = Base; path = Base.lproj/Main.storyboard; sourceTree = "<group>"; };
		68F1719F1E416E6D008D2E50 /* Assets.xcassets */ = {isa = PBXFileReference; lastKnownFileType = folder.assetcatalog; path = Assets.xcassets; sourceTree = "<group>"; };
		68F171A21E416E6D008D2E50 /* Base */ = {isa = PBXFileReference; lastKnownFileType = file.storyboard; name = Base; path = Base.lproj/LaunchScreen.storyboard; sourceTree = "<group>"; };
		68F171A41E416E6D008D2E50 /* Info.plist */ = {isa = PBXFileReference; lastKnownFileType = text.plist.xml; path = Info.plist; sourceTree = "<group>"; };
		68F171A91E416E6D008D2E50 /* TacoPOPTests.xctest */ = {isa = PBXFileReference; explicitFileType = wrapper.cfbundle; includeInIndex = 0; path = TacoPOPTests.xctest; sourceTree = BUILT_PRODUCTS_DIR; };
		68F171AD1E416E6D008D2E50 /* TacoPOPTests.swift */ = {isa = PBXFileReference; lastKnownFileType = sourcecode.swift; path = TacoPOPTests.swift; sourceTree = "<group>"; };
		68F171AF1E416E6D008D2E50 /* Info.plist */ = {isa = PBXFileReference; lastKnownFileType = text.plist.xml; path = Info.plist; sourceTree = "<group>"; };
		68F171BE1E416F5F008D2E50 /* MainVC.swift */ = {isa = PBXFileReference; fileEncoding = 4; lastKnownFileType = sourcecode.swift; path = MainVC.swift; sourceTree = "<group>"; };
		68F171C01E417307008D2E50 /* DropShadow.swift */ = {isa = PBXFileReference; fileEncoding = 4; lastKnownFileType = sourcecode.swift; path = DropShadow.swift; sourceTree = "<group>"; };
		68F171C21E43F77D008D2E50 /* HeaderView.swift */ = {isa = PBXFileReference; fileEncoding = 4; lastKnownFileType = sourcecode.swift; path = HeaderView.swift; sourceTree = "<group>"; };
/* End PBXFileReference section */

/* Begin PBXFrameworksBuildPhase section */
		68F171921E416E6D008D2E50 /* Frameworks */ = {
			isa = PBXFrameworksBuildPhase;
			buildActionMask = 2147483647;
			files = (
			);
			runOnlyForDeploymentPostprocessing = 0;
		};
		68F171A61E416E6D008D2E50 /* Frameworks */ = {
			isa = PBXFrameworksBuildPhase;
			buildActionMask = 2147483647;
			files = (
			);
			runOnlyForDeploymentPostprocessing = 0;
		};
/* End PBXFrameworksBuildPhase section */

/* Begin PBXGroup section */
		68F1718C1E416E6D008D2E50 = {
			isa = PBXGroup;
			children = (
				68F171971E416E6D008D2E50 /* TacoPOP */,
				68F171AC1E416E6D008D2E50 /* TacoPOPTests */,
				68F171961E416E6D008D2E50 /* Products */,
			);
			sourceTree = "<group>";
		};
		68F171961E416E6D008D2E50 /* Products */ = {
			isa = PBXGroup;
			children = (
				68F171951E416E6D008D2E50 /* TacoPOP.app */,
				68F171A91E416E6D008D2E50 /* TacoPOPTests.xctest */,
			);
			name = Products;
			sourceTree = "<group>";
		};
		68F171971E416E6D008D2E50 /* TacoPOP */ = {
			isa = PBXGroup;
			children = (
				68F171BC1E416ED4008D2E50 /* Extensions */,
				68F171BB1E416ECC008D2E50 /* Protocols */,
				68F171BA1E416EB3008D2E50 /* Model */,
				68F171B91E416EAD008D2E50 /* View */,
				68F171B81E416EA6008D2E50 /* Controller */,
				68F171BD1E416EDF008D2E50 /* Resources */,
			);
			path = TacoPOP;
			sourceTree = "<group>";
		};
		68F171AC1E416E6D008D2E50 /* TacoPOPTests */ = {
			isa = PBXGroup;
			children = (
				68F171AD1E416E6D008D2E50 /* TacoPOPTests.swift */,
				68F171AF1E416E6D008D2E50 /* Info.plist */,
			);
			path = TacoPOPTests;
			sourceTree = "<group>";
		};
		68F171B81E416EA6008D2E50 /* Controller */ = {
			isa = PBXGroup;
			children = (
				68F171981E416E6D008D2E50 /* AppDelegate.swift */,
				68F171BE1E416F5F008D2E50 /* MainVC.swift */,
			);
			name = Controller;
			sourceTree = "<group>";
		};
		68F171B91E416EAD008D2E50 /* View */ = {
			isa = PBXGroup;
			children = (
				68F171A11E416E6D008D2E50 /* LaunchScreen.storyboard */,
				68F1719C1E416E6D008D2E50 /* Main.storyboard */,
				68F171C21E43F77D008D2E50 /* HeaderView.swift */,
				68B4DA1B1E4902E200ACAB82 /* TacoCell.swift */,
				68B4DA1C1E4902E200ACAB82 /* TacoCell.xib */,
			);
			name = View;
			sourceTree = "<group>";
		};
		68F171BA1E416EB3008D2E50 /* Model */ = {
			isa = PBXGroup;
			children = (
				6864D8681E43FADD00408267 /* Taco.swift */,
				68B4DA191E48FC3400ACAB82 /* DataService.swift */,
			);
			name = Model;
			path = ..;
			sourceTree = "<group>";
		};
		68F171BB1E416ECC008D2E50 /* Protocols */ = {
			isa = PBXGroup;
			children = (
				68F171C01E417307008D2E50 /* DropShadow.swift */,
				68B4DA1F1E4A754000ACAB82 /* ReusableView.swift */,
				68B4DA211E4A75F500ACAB82 /* NibLoadableView.swift */,
				68B4DA271E4AAEA000ACAB82 /* Shakeable.swift */,
			);
			name = Protocols;
			sourceTree = "<group>";
		};
		68F171BC1E416ED4008D2E50 /* Extensions */ = {
			isa = PBXGroup;
			children = (
				68B4DA231E4A76FD00ACAB82 /* UICollectionView+Ext.swift */,
				68B4DA251E4AAD0E00ACAB82 /* MutableCollection+Ext.swift */,
			);
			name = Extensions;
			sourceTree = "<group>";
		};
		68F171BD1E416EDF008D2E50 /* Resources */ = {
			isa = PBXGroup;
			children = (
				68F1719F1E416E6D008D2E50 /* Assets.xcassets */,
				68F171A41E416E6D008D2E50 /* Info.plist */,
			);
			name = Resources;
			sourceTree = "<group>";
		};
/* End PBXGroup section */

/* Begin PBXNativeTarget section */
		68F171941E416E6D008D2E50 /* TacoPOP */ = {
			isa = PBXNativeTarget;
			buildConfigurationList = 68F171B21E416E6D008D2E50 /* Build configuration list for PBXNativeTarget "TacoPOP" */;
			buildPhases = (
				68F171911E416E6D008D2E50 /* Sources */,
				68F171921E416E6D008D2E50 /* Frameworks */,
				68F171931E416E6D008D2E50 /* Resources */,
			);
			buildRules = (
			);
			dependencies = (
			);
			name = TacoPOP;
			productName = TacoPOP;
			productReference = 68F171951E416E6D008D2E50 /* TacoPOP.app */;
			productType = "com.apple.product-type.application";
		};
		68F171A81E416E6D008D2E50 /* TacoPOPTests */ = {
			isa = PBXNativeTarget;
			buildConfigurationList = 68F171B51E416E6D008D2E50 /* Build configuration list for PBXNativeTarget "TacoPOPTests" */;
			buildPhases = (
				68F171A51E416E6D008D2E50 /* Sources */,
				68F171A61E416E6D008D2E50 /* Frameworks */,
				68F171A71E416E6D008D2E50 /* Resources */,
			);
			buildRules = (
			);
			dependencies = (
				68F171AB1E416E6D008D2E50 /* PBXTargetDependency */,
			);
			name = TacoPOPTests;
			productName = TacoPOPTests;
			productReference = 68F171A91E416E6D008D2E50 /* TacoPOPTests.xctest */;
			productType = "com.apple.product-type.bundle.unit-test";
		};
/* End PBXNativeTarget section */

/* Begin PBXProject section */
		68F1718D1E416E6D008D2E50 /* Project object */ = {
			isa = PBXProject;
			attributes = {
				LastSwiftUpdateCheck = 0820;
				LastUpgradeCheck = 0820;
				ORGANIZATIONNAME = HackingInnovations;
				TargetAttributes = {
					68F171941E416E6D008D2E50 = {
						CreatedOnToolsVersion = 8.2.1;
						ProvisioningStyle = Automatic;
					};
					68F171A81E416E6D008D2E50 = {
						CreatedOnToolsVersion = 8.2.1;
						ProvisioningStyle = Automatic;
						TestTargetID = 68F171941E416E6D008D2E50;
					};
				};
			};
			buildConfigurationList = 68F171901E416E6D008D2E50 /* Build configuration list for PBXProject "TacoPOP" */;
			compatibilityVersion = "Xcode 3.2";
			developmentRegion = English;
			hasScannedForEncodings = 0;
			knownRegions = (
				en,
				Base,
			);
			mainGroup = 68F1718C1E416E6D008D2E50;
			productRefGroup = 68F171961E416E6D008D2E50 /* Products */;
			projectDirPath = "";
			projectRoot = "";
			targets = (
				68F171941E416E6D008D2E50 /* TacoPOP */,
				68F171A81E416E6D008D2E50 /* TacoPOPTests */,
			);
		};
/* End PBXProject section */

/* Begin PBXResourcesBuildPhase section */
		68F171931E416E6D008D2E50 /* Resources */ = {
			isa = PBXResourcesBuildPhase;
			buildActionMask = 2147483647;
			files = (
				68B4DA1E1E4902E200ACAB82 /* TacoCell.xib in Resources */,
				68F171A31E416E6D008D2E50 /* LaunchScreen.storyboard in Resources */,
				68F171A01E416E6D008D2E50 /* Assets.xcassets in Resources */,
				68F1719E1E416E6D008D2E50 /* Main.storyboard in Resources */,
			);
			runOnlyForDeploymentPostprocessing = 0;
		};
		68F171A71E416E6D008D2E50 /* Resources */ = {
			isa = PBXResourcesBuildPhase;
			buildActionMask = 2147483647;
			files = (
			);
			runOnlyForDeploymentPostprocessing = 0;
		};
/* End PBXResourcesBuildPhase section */

/* Begin PBXSourcesBuildPhase section */
		68F171911E416E6D008D2E50 /* Sources */ = {
			isa = PBXSourcesBuildPhase;
			buildActionMask = 2147483647;
			files = (
				68B4DA1D1E4902E200ACAB82 /* TacoCell.swift in Sources */,
				68B4DA261E4AAD0E00ACAB82 /* MutableCollection+Ext.swift in Sources */,
				68F171991E416E6D008D2E50 /* AppDelegate.swift in Sources */,
				68F171C11E417307008D2E50 /* DropShadow.swift in Sources */,
				68B4DA221E4A75F500ACAB82 /* NibLoadableView.swift in Sources */,
				68B4DA241E4A76FD00ACAB82 /* UICollectionView+Ext.swift in Sources */,
				68B4DA201E4A754000ACAB82 /* ReusableView.swift in Sources */,
				68F171BF1E416F5F008D2E50 /* MainVC.swift in Sources */,
				68B4DA1A1E48FC3400ACAB82 /* DataService.swift in Sources */,
				6864D8691E43FADD00408267 /* Taco.swift in Sources */,
				68B4DA281E4AAEA000ACAB82 /* Shakeable.swift in Sources */,
				68F171C31E43F77D008D2E50 /* HeaderView.swift in Sources */,
			);
			runOnlyForDeploymentPostprocessing = 0;
		};
		68F171A51E416E6D008D2E50 /* Sources */ = {
			isa = PBXSourcesBuildPhase;
			buildActionMask = 2147483647;
			files = (
				68F171AE1E416E6D008D2E50 /* TacoPOPTests.swift in Sources */,
			);
			runOnlyForDeploymentPostprocessing = 0;
		};
/* End PBXSourcesBuildPhase section */

/* Begin PBXTargetDependency section */
		68F171AB1E416E6D008D2E50 /* PBXTargetDependency */ = {
			isa = PBXTargetDependency;
			target = 68F171941E416E6D008D2E50 /* TacoPOP */;
			targetProxy = 68F171AA1E416E6D008D2E50 /* PBXContainerItemProxy */;
		};
/* End PBXTargetDependency section */

/* Begin PBXVariantGroup section */
		68F1719C1E416E6D008D2E50 /* Main.storyboard */ = {
			isa = PBXVariantGroup;
			children = (
				68F1719D1E416E6D008D2E50 /* Base */,
			);
			name = Main.storyboard;
			sourceTree = "<group>";
		};
		68F171A11E416E6D008D2E50 /* LaunchScreen.storyboard */ = {
			isa = PBXVariantGroup;
			children = (
				68F171A21E416E6D008D2E50 /* Base */,
			);
			name = LaunchScreen.storyboard;
			sourceTree = "<group>";
		};
/* End PBXVariantGroup section */

/* Begin XCBuildConfiguration section */
		68F171B01E416E6D008D2E50 /* Debug */ = {
			isa = XCBuildConfiguration;
			buildSettings = {
				ALWAYS_SEARCH_USER_PATHS = NO;
				CLANG_ANALYZER_NONNULL = YES;
				CLANG_CXX_LANGUAGE_STANDARD = "gnu++0x";
				CLANG_CXX_LIBRARY = "libc++";
				CLANG_ENABLE_MODULES = YES;
				CLANG_ENABLE_OBJC_ARC = YES;
				CLANG_WARN_BOOL_CONVERSION = YES;
				CLANG_WARN_CONSTANT_CONVERSION = YES;
				CLANG_WARN_DIRECT_OBJC_ISA_USAGE = YES_ERROR;
				CLANG_WARN_DOCUMENTATION_COMMENTS = YES;
				CLANG_WARN_EMPTY_BODY = YES;
				CLANG_WARN_ENUM_CONVERSION = YES;
				CLANG_WARN_INFINITE_RECURSION = YES;
				CLANG_WARN_INT_CONVERSION = YES;
				CLANG_WARN_OBJC_ROOT_CLASS = YES_ERROR;
				CLANG_WARN_SUSPICIOUS_MOVE = YES;
				CLANG_WARN_UNREACHABLE_CODE = YES;
				CLANG_WARN__DUPLICATE_METHOD_MATCH = YES;
				"CODE_SIGN_IDENTITY[sdk=iphoneos*]" = "iPhone Developer";
				COPY_PHASE_STRIP = NO;
				DEBUG_INFORMATION_FORMAT = dwarf;
				ENABLE_STRICT_OBJC_MSGSEND = YES;
				ENABLE_TESTABILITY = YES;
				GCC_C_LANGUAGE_STANDARD = gnu99;
				GCC_DYNAMIC_NO_PIC = NO;
				GCC_NO_COMMON_BLOCKS = YES;
				GCC_OPTIMIZATION_LEVEL = 0;
				GCC_PREPROCESSOR_DEFINITIONS = (
					"DEBUG=1",
					"$(inherited)",
				);
				GCC_WARN_64_TO_32_BIT_CONVERSION = YES;
				GCC_WARN_ABOUT_RETURN_TYPE = YES_ERROR;
				GCC_WARN_UNDECLARED_SELECTOR = YES;
				GCC_WARN_UNINITIALIZED_AUTOS = YES_AGGRESSIVE;
				GCC_WARN_UNUSED_FUNCTION = YES;
				GCC_WARN_UNUSED_VARIABLE = YES;
				IPHONEOS_DEPLOYMENT_TARGET = 10.2;
				MTL_ENABLE_DEBUG_INFO = YES;
				ONLY_ACTIVE_ARCH = YES;
				SDKROOT = iphoneos;
				SWIFT_ACTIVE_COMPILATION_CONDITIONS = DEBUG;
				SWIFT_OPTIMIZATION_LEVEL = "-Onone";
			};
			name = Debug;
		};
		68F171B11E416E6D008D2E50 /* Release */ = {
			isa = XCBuildConfiguration;
			buildSettings = {
				ALWAYS_SEARCH_USER_PATHS = NO;
				CLANG_ANALYZER_NONNULL = YES;
				CLANG_CXX_LANGUAGE_STANDARD = "gnu++0x";
				CLANG_CXX_LIBRARY = "libc++";
				CLANG_ENABLE_MODULES = YES;
				CLANG_ENABLE_OBJC_ARC = YES;
				CLANG_WARN_BOOL_CONVERSION = YES;
				CLANG_WARN_CONSTANT_CONVERSION = YES;
				CLANG_WARN_DIRECT_OBJC_ISA_USAGE = YES_ERROR;
				CLANG_WARN_DOCUMENTATION_COMMENTS = YES;
				CLANG_WARN_EMPTY_BODY = YES;
				CLANG_WARN_ENUM_CONVERSION = YES;
				CLANG_WARN_INFINITE_RECURSION = YES;
				CLANG_WARN_INT_CONVERSION = YES;
				CLANG_WARN_OBJC_ROOT_CLASS = YES_ERROR;
				CLANG_WARN_SUSPICIOUS_MOVE = YES;
				CLANG_WARN_UNREACHABLE_CODE = YES;
				CLANG_WARN__DUPLICATE_METHOD_MATCH = YES;
				"CODE_SIGN_IDENTITY[sdk=iphoneos*]" = "iPhone Developer";
				COPY_PHASE_STRIP = NO;
				DEBUG_INFORMATION_FORMAT = "dwarf-with-dsym";
				ENABLE_NS_ASSERTIONS = NO;
				ENABLE_STRICT_OBJC_MSGSEND = YES;
				GCC_C_LANGUAGE_STANDARD = gnu99;
				GCC_NO_COMMON_BLOCKS = YES;
				GCC_WARN_64_TO_32_BIT_CONVERSION = YES;
				GCC_WARN_ABOUT_RETURN_TYPE = YES_ERROR;
				GCC_WARN_UNDECLARED_SELECTOR = YES;
				GCC_WARN_UNINITIALIZED_AUTOS = YES_AGGRESSIVE;
				GCC_WARN_UNUSED_FUNCTION = YES;
				GCC_WARN_UNUSED_VARIABLE = YES;
				IPHONEOS_DEPLOYMENT_TARGET = 10.2;
				MTL_ENABLE_DEBUG_INFO = NO;
				SDKROOT = iphoneos;
				SWIFT_OPTIMIZATION_LEVEL = "-Owholemodule";
				VALIDATE_PRODUCT = YES;
			};
			name = Release;
		};
		68F171B31E416E6D008D2E50 /* Debug */ = {
			isa = XCBuildConfiguration;
			buildSettings = {
				ASSETCATALOG_COMPILER_APPICON_NAME = AppIcon;
				INFOPLIST_FILE = TacoPOP/Info.plist;
				LD_RUNPATH_SEARCH_PATHS = "$(inherited) @executable_path/Frameworks";
				PRODUCT_BUNDLE_IDENTIFIER = com.HackingInnovations.TacoPOP;
				PRODUCT_NAME = "$(TARGET_NAME)";
				SWIFT_VERSION = 3.0;
			};
			name = Debug;
		};
		68F171B41E416E6D008D2E50 /* Release */ = {
			isa = XCBuildConfiguration;
			buildSettings = {
				ASSETCATALOG_COMPILER_APPICON_NAME = AppIcon;
				INFOPLIST_FILE = TacoPOP/Info.plist;
				LD_RUNPATH_SEARCH_PATHS = "$(inherited) @executable_path/Frameworks";
				PRODUCT_BUNDLE_IDENTIFIER = com.HackingInnovations.TacoPOP;
				PRODUCT_NAME = "$(TARGET_NAME)";
				SWIFT_VERSION = 3.0;
			};
			name = Release;
		};
		68F171B61E416E6D008D2E50 /* Debug */ = {
			isa = XCBuildConfiguration;
			buildSettings = {
				ALWAYS_EMBED_SWIFT_STANDARD_LIBRARIES = YES;
				BUNDLE_LOADER = "$(TEST_HOST)";
				INFOPLIST_FILE = TacoPOPTests/Info.plist;
				LD_RUNPATH_SEARCH_PATHS = "$(inherited) @executable_path/Frameworks @loader_path/Frameworks";
				PRODUCT_BUNDLE_IDENTIFIER = com.HackingInnovations.TacoPOPTests;
				PRODUCT_NAME = "$(TARGET_NAME)";
				SWIFT_VERSION = 3.0;
				TEST_HOST = "$(BUILT_PRODUCTS_DIR)/TacoPOP.app/TacoPOP";
			};
			name = Debug;
		};
		68F171B71E416E6D008D2E50 /* Release */ = {
			isa = XCBuildConfiguration;
			buildSettings = {
				ALWAYS_EMBED_SWIFT_STANDARD_LIBRARIES = YES;
				BUNDLE_LOADER = "$(TEST_HOST)";
				INFOPLIST_FILE = TacoPOPTests/Info.plist;
				LD_RUNPATH_SEARCH_PATHS = "$(inherited) @executable_path/Frameworks @loader_path/Frameworks";
				PRODUCT_BUNDLE_IDENTIFIER = com.HackingInnovations.TacoPOPTests;
				PRODUCT_NAME = "$(TARGET_NAME)";
				SWIFT_VERSION = 3.0;
				TEST_HOST = "$(BUILT_PRODUCTS_DIR)/TacoPOP.app/TacoPOP";
			};
			name = Release;
		};
/* End XCBuildConfiguration section */

/* Begin XCConfigurationList section */
		68F171901E416E6D008D2E50 /* Build configuration list for PBXProject "TacoPOP" */ = {
			isa = XCConfigurationList;
			buildConfigurations = (
				68F171B01E416E6D008D2E50 /* Debug */,
				68F171B11E416E6D008D2E50 /* Release */,
			);
			defaultConfigurationIsVisible = 0;
			defaultConfigurationName = Release;
		};
		68F171B21E416E6D008D2E50 /* Build configuration list for PBXNativeTarget "TacoPOP" */ = {
			isa = XCConfigurationList;
			buildConfigurations = (
				68F171B31E416E6D008D2E50 /* Debug */,
				68F171B41E416E6D008D2E50 /* Release */,
			);
			defaultConfigurationIsVisible = 0;
			defaultConfigurationName = Release;
		};
		68F171B51E416E6D008D2E50 /* Build configuration list for PBXNativeTarget "TacoPOPTests" */ = {
			isa = XCConfigurationList;
			buildConfigurations = (
				68F171B61E416E6D008D2E50 /* Debug */,
				68F171B71E416E6D008D2E50 /* Release */,
			);
			defaultConfigurationIsVisible = 0;
			defaultConfigurationName = Release;
		};
/* End XCConfigurationList section */
	};
	rootObject = 68F1718D1E416E6D008D2E50 /* Project object */;
}
